
Microsoft Visual Studio Solution File, Format Version 12.00
# Visual Studio 14
VisualStudioVersion = 14.0.24720.0
MinimumVisualStudioVersion = 10.0.40219.1
Project("{FAE04EC0-301F-11D3-BF4B-00C04F79EFBC}") = "crm_systeem", "crm_systeem\crm_systeem.csproj", "{B8121261-AD02-4A8A-AD30-E07DFB2CD937}"
EndProject
Global
	GlobalSection(SolutionConfigurationPlatforms) = preSolution
		Debug|Any CPU = Debug|Any CPU
		Release|Any CPU = Release|Any CPU
	EndGlobalSection
	GlobalSection(ProjectConfigurationPlatforms) = postSolution
		{B8121261-AD02-4A8A-AD30-E07DFB2CD937}.Debug|Any CPU.ActiveCfg = Debug|Any CPU
		{B8121261-AD02-4A8A-AD30-E07DFB2CD937}.Debug|Any CPU.Build.0 = Debug|Any CPU
		{B8121261-AD02-4A8A-AD30-E07DFB2CD937}.Release|Any CPU.ActiveCfg = Release|Any CPU
		{B8121261-AD02-4A8A-AD30-E07DFB2CD937}.Release|Any CPU.Build.0 = Release|Any CPU
	EndGlobalSection
	GlobalSection(SolutionProperties) = preSolution
		HideSolutionNode = FALSE
	EndGlobalSection
EndGlobal
